
Microsoft Visual Studio Solution File, Format Version 12.00
# Visual Studio Version 17
VisualStudioVersion = 17.4.33122.133
MinimumVisualStudioVersion = 10.0.40219.1
Project("{FAE04EC0-301F-11D3-BF4B-00C04F79EFBC}") = "MyHotel", "MyHotel\MyHotel.csproj", "{34D887A9-D521-4F60-8F5B-5A0ED8C2F24D}"
EndProject
Global
	GlobalSection(SolutionConfigurationPlatforms) = preSolution
		Debug|Any CPU = Debug|Any CPU
		Release|Any CPU = Release|Any CPU
	EndGlobalSection
	GlobalSection(ProjectConfigurationPlatforms) = postSolution
		{34D887A9-D521-4F60-8F5B-5A0ED8C2F24D}.Debug|Any CPU.ActiveCfg = Debug|Any CPU
		{34D887A9-D521-4F60-8F5B-5A0ED8C2F24D}.Debug|Any CPU.Build.0 = Debug|Any CPU
		{34D887A9-D521-4F60-8F5B-5A0ED8C2F24D}.Release|Any CPU.ActiveCfg = Release|Any CPU
		{34D887A9-D521-4F60-8F5B-5A0ED8C2F24D}.Release|Any CPU.Build.0 = Release|Any CPU
	EndGlobalSection
	GlobalSection(SolutionProperties) = preSolution
		HideSolutionNode = FALSE
	EndGlobalSection
	GlobalSection(ExtensibilityGlobals) = postSolution
		SolutionGuid = {BE74477D-4D15-4C7B-A86C-13FEB36B629F}
	EndGlobalSection
EndGlobal
